{
    "hash": "5086dc9f201335a0d689e5aa107b20ad",
    "packages": [
        {
            "name": "jtl/core",
            "version": "dev-master",
            "source": {
                "type": "git",
                "url": "git@gitlab.jtl-software.de:jtl-software-gmbh/jtlcore.git",
                "reference": "6c2c9c0b5cfc121461495c1140d6da1c1e249d7f"
            },
            "require": {
                "php": ">=5.3.0"
            },
            "type": "library",
            "extra": {
                "branch-alias": {
                    "dev-master": "0.1.x-dev"
                }
            },
            "autoload": {
                "psr-0": {
                    "jtl\\Core\\": "src/"
                }
            },
            "authors": [
                {
                    "name": "JTL Software GmbH",
                    "email": "info@jtl-software.de",
                    "homepage": "http://www.jtl-software.de",
                    "role": "Founder"
                }
            ],
            "description": "jtlCore PHP 5.3 Library and Classes",
            "homepage": "http://www.jtl-software.de",
            "keywords": [
                "classes",
                "jtl",
                "library"
            ],
            "time": "2013-04-16 08:09:46"
        }
    ],
    "packages-dev": [

    ],
    "aliases": [

    ],
    "minimum-stability": "dev",
    "stability-flags": {
        "jtl/core": 20
    },
    "platform": {
        "php": ">=5.3.0"
    },
    "platform-dev": [

    ]
}
