{
    "hash": "09ac94e36faff9a94c7f1d619f812105",
    "packages": [
        {
            "name": "jtlCore",
            "version": "dev-master",
            "source": {
                "type": "git",
                "url": "git@gitlab.jtl-software.de:jtl-software-gmbh/jtlcore.git",
                "reference": "f44da8d2e043e7b04075d42686c3d338606e3579"
            },
            "require": {
                "php": ">=5.3.0"
            },
            "type": "library",
            "extra": {
                "branch-alias": {
                    "dev-master": "0.1.x-dev"
                }
            },
            "autoload": {
                "psr-0": {
                    "jtl/Core": "lib"
                }
            },
            "authors": [
                {
                    "name": "JTL Software GmbH",
                    "email": "info@jtl-software.de",
                    "homepage": "http://www.jtl-software.de",
                    "role": "Founder"
                }
            ],
            "description": "jtlCore PHP 5.3 Library and Classes",
            "homepage": "http://www.jtl-software.de",
            "keywords": [
                "classes",
                "jtl",
                "library"
            ],
            "time": "2013-04-04 12:27:46"
        }
    ],
    "packages-dev": [

    ],
    "aliases": [

    ],
    "minimum-stability": "dev",
    "stability-flags": {
        "jtlcore": 20
    },
    "platform": [

    ],
    "platform-dev": [

    ]
}
