{
    "hash": "ad89adf73a03c8a464a7191af1efd5b4",
    "packages": [
        {
            "name": "jtl/core",
            "version": "dev-master",
            "source": {
                "type": "git",
                "url": "git@gitlab.jtl-software.de:jtl-software-gmbh/jtlcore.git",
                "reference": "cf91a3aa85c96234f7f7da8ade3b05f75a0bac16"
            },
            "require": {
                "php": ">=5.3.0"
            },
            "type": "library",
            "extra": {
                "branch-alias": {
                    "dev-master": "1.0.x-dev"
                }
            },
            "autoload": {
                "psr-0": {
                    "jtl\\Core\\": "src/"
                }
            },
            "authors": [
                {
                    "name": "JTL Software GmbH",
                    "email": "info@jtl-software.de",
                    "homepage": "http://www.jtl-software.de",
                    "role": "Founder"
                }
            ],
            "description": "jtlCore PHP 5.3 Library and Classes",
            "homepage": "http://www.jtl-software.de",
            "keywords": [
                "classes",
                "jtl",
                "library"
            ],
            "time": "2013-04-17 14:07:10"
        }
    ],
    "packages-dev": [

    ],
    "aliases": [

    ],
    "minimum-stability": "dev",
    "stability-flags": {
        "jtl/core": 20
    },
    "platform": {
        "php": ">=5.3.0"
    },
    "platform-dev": [

    ]
}
